
Microsoft Visual Studio Solution File, Format Version 12.00
# Visual Studio Version 17
VisualStudioVersion = 17.8.34525.116
MinimumVisualStudioVersion = 10.0.40219.1
Project("{FAE04EC0-301F-11D3-BF4B-00C04F79EFBC}") = "Backend", "Backend.csproj", "{EBE46F59-652C-46DE-A202-9340DCB25FE8}"
EndProject
Global
	GlobalSection(SolutionConfigurationPlatforms) = preSolution
		Debug|Any CPU = Debug|Any CPU
		Release|Any CPU = Release|Any CPU
	EndGlobalSection
	GlobalSection(ProjectConfigurationPlatforms) = postSolution
		{EBE46F59-652C-46DE-A202-9340DCB25FE8}.Debug|Any CPU.ActiveCfg = Debug|Any CPU
		{EBE46F59-652C-46DE-A202-9340DCB25FE8}.Debug|Any CPU.Build.0 = Debug|Any CPU
		{EBE46F59-652C-46DE-A202-9340DCB25FE8}.Release|Any CPU.ActiveCfg = Release|Any CPU
		{EBE46F59-652C-46DE-A202-9340DCB25FE8}.Release|Any CPU.Build.0 = Release|Any CPU
	EndGlobalSection
	GlobalSection(SolutionProperties) = preSolution
		HideSolutionNode = FALSE
	EndGlobalSection
	GlobalSection(ExtensibilityGlobals) = postSolution
		SolutionGuid = {91CB7EA3-6A3C-44F9-B9B3-75A0F049EB7E}
	EndGlobalSection
EndGlobal
